{
    "_readme": [
        "This file locks the dependencies of your project to a known state",
        "Read more about it at http://getcomposer.org/doc/01-basic-usage.md#composer-lock-the-lock-file",
        "This file is @generated automatically"
    ],
    "hash": "39b1adf8a88109268325ab9e32000812",
    "packages": [
        {
            "name": "simplon/helper",
            "version": "0.8.0",
            "source": {
                "type": "git",
                "url": "https://github.com/fightbulc/simplon_helper.git",
                "reference": "65fa7316240caa20a45e61b98b8cdea59d6292f1"
            },
            "dist": {
                "type": "zip",
                "url": "https://api.github.com/repos/fightbulc/simplon_helper/zipball/65fa7316240caa20a45e61b98b8cdea59d6292f1",
                "reference": "65fa7316240caa20a45e61b98b8cdea59d6292f1",
                "shasum": ""
            },
            "require": {
                "php": ">=5.4"
            },
            "type": "library",
            "autoload": {
                "psr-4": {
                    "Simplon\\Helper\\": "src/"
                }
            },
            "notification-url": "https://packagist.org/downloads/",
            "license": [
                "MIT"
            ],
            "authors": [
                {
                    "name": "Tino Ehrich",
                    "email": "tino@bigpun.me",
                    "role": "developer"
                }
            ],
            "description": "Helpers for recurring tasks.",
            "homepage": "https://github.com/fightbulc/simplon_helper",
            "keywords": [
                "helper",
                "strings",
                "value objects"
            ],
            "time": "2015-01-16 20:10:56"
        }
    ],
    "packages-dev": [],
    "aliases": [],
    "minimum-stability": "stable",
    "stability-flags": [],
    "prefer-stable": false,
    "prefer-lowest": false,
    "platform": {
        "php": ">=5.4"
    },
    "platform-dev": []
}
